// !$*UTF8*$!
{
	archiveVersion = 1;
	classes = {
	};
	objectVersion = 46;
	objects = {

/* Begin PBXBuildFile section */
		8212654D1534B5A000E23E8A /* AnalysisController.mm in Sources */ = {isa = PBXBuildFile; fileRef = 8212654C1534B5A000E23E8A /* AnalysisController.mm */; };
		822685421568298600C6A587 /* ImageIO.framework in Frameworks */ = {isa = PBXBuildFile; fileRef = 822685411568298600C6A587 /* ImageIO.framework */; };
		82268545156829A000C6A587 /* libz.dylib in Frameworks */ = {isa = PBXBuildFile; fileRef = 82268544156829A000C6A587 /* libz.dylib */; };
		822685481568895100C6A587 /* UIImage+OpenCV.mm in Sources */ = {isa = PBXBuildFile; fileRef = 822685471568895100C6A587 /* UIImage+OpenCV.mm */; };
		82DB1BFC156893F20029EBD3 /* OpenCV.framework in Frameworks */ = {isa = PBXBuildFile; fileRef = 82BA990E1568264A00CB48F7 /* OpenCV.framework */; };
		82E590F51533B6FB0025904C /* AssetsLibrary.framework in Frameworks */ = {isa = PBXBuildFile; fileRef = 82E590F41533B6FB0025904C /* AssetsLibrary.framework */; };
		DA1E7F04150DAB2F0067B351 /* UIKit.framework in Frameworks */ = {isa = PBXBuildFile; fileRef = DA1E7F03150DAB2E0067B351 /* UIKit.framework */; };
		DA1E7F06150DAB2F0067B351 /* Foundation.framework in Frameworks */ = {isa = PBXBuildFile; fileRef = DA1E7F05150DAB2F0067B351 /* Foundation.framework */; };
		DA1E7F08150DAB2F0067B351 /* CoreGraphics.framework in Frameworks */ = {isa = PBXBuildFile; fileRef = DA1E7F07150DAB2F0067B351 /* CoreGraphics.framework */; };
		DA1E7F0E150DAB2F0067B351 /* InfoPlist.strings in Resources */ = {isa = PBXBuildFile; fileRef = DA1E7F0C150DAB2F0067B351 /* InfoPlist.strings */; };
		DA1E7F10150DAB2F0067B351 /* main.m in Sources */ = {isa = PBXBuildFile; fileRef = DA1E7F0F150DAB2F0067B351 /* main.m */; };
		DA1E7F14150DAB2F0067B351 /* AppDelegate.m in Sources */ = {isa = PBXBuildFile; fileRef = DA1E7F13150DAB2F0067B351 /* AppDelegate.m */; };
		DA1E7F17150DAB2F0067B351 /* MainStoryboard_iPhone.storyboard in Resources */ = {isa = PBXBuildFile; fileRef = DA1E7F15150DAB2F0067B351 /* MainStoryboard_iPhone.storyboard */; };
		DA1E7F1A150DAB2F0067B351 /* MainStoryboard_iPad.storyboard in Resources */ = {isa = PBXBuildFile; fileRef = DA1E7F18150DAB2F0067B351 /* MainStoryboard_iPad.storyboard */; };
		DA1E7F25150DAB2F0067B351 /* SenTestingKit.framework in Frameworks */ = {isa = PBXBuildFile; fileRef = DA1E7F24150DAB2F0067B351 /* SenTestingKit.framework */; };
		DA1E7F26150DAB2F0067B351 /* UIKit.framework in Frameworks */ = {isa = PBXBuildFile; fileRef = DA1E7F03150DAB2E0067B351 /* UIKit.framework */; };
		DA1E7F27150DAB2F0067B351 /* Foundation.framework in Frameworks */ = {isa = PBXBuildFile; fileRef = DA1E7F05150DAB2F0067B351 /* Foundation.framework */; };
		DA1E7F2F150DAB2F0067B351 /* InfoPlist.strings in Resources */ = {isa = PBXBuildFile; fileRef = DA1E7F2D150DAB2F0067B351 /* InfoPlist.strings */; };
		DA1E7F32150DAB2F0067B351 /* CellScopeTests.m in Sources */ = {isa = PBXBuildFile; fileRef = DA1E7F31150DAB2F0067B351 /* CellScopeTests.m */; };
		DA1E7F3F150DB21C0067B351 /* MobileCoreServices.framework in Frameworks */ = {isa = PBXBuildFile; fileRef = DA1E7F3E150DB21C0067B351 /* MobileCoreServices.framework */; };
		DA24A47B152659AA001FA808 /* AppMenuViewController.m in Sources */ = {isa = PBXBuildFile; fileRef = DA24A47A152659AA001FA808 /* AppMenuViewController.m */; };
		DA2A9070150EF43B000F5DA7 /* cellscope_logo.png in Resources */ = {isa = PBXBuildFile; fileRef = DA2A906F150EF43B000F5DA7 /* cellscope_logo.png */; };
		DA2A9072150EF692000F5DA7 /* cellscope_logo copy.png in Resources */ = {isa = PBXBuildFile; fileRef = DA2A9071150EF692000F5DA7 /* cellscope_logo copy.png */; };
		DA2E4FA615279B4B0013B9E9 /* CameraViewController.m in Sources */ = {isa = PBXBuildFile; fileRef = DA2E4FA515279B4B0013B9E9 /* CameraViewController.m */; };
		DA2F5C8A1519989F00215B20 /* AVFoundation.framework in Frameworks */ = {isa = PBXBuildFile; fileRef = DA2F5C891519989F00215B20 /* AVFoundation.framework */; };
		DA30EC381534FC9200FD9671 /* patient_step_A.png in Resources */ = {isa = PBXBuildFile; fileRef = DA30EC331534FC9100FD9671 /* patient_step_A.png */; };
		DA30EC391534FC9200FD9671 /* patient_step_B.png in Resources */ = {isa = PBXBuildFile; fileRef = DA30EC341534FC9100FD9671 /* patient_step_B.png */; };
		DA30EC3A1534FC9200FD9671 /* sample_prep_A.png in Resources */ = {isa = PBXBuildFile; fileRef = DA30EC351534FC9100FD9671 /* sample_prep_A.png */; };
		DA30EC3B1534FC9200FD9671 /* sample_prep_B.png in Resources */ = {isa = PBXBuildFile; fileRef = DA30EC361534FC9100FD9671 /* sample_prep_B.png */; };
		DA30EC3C1534FC9200FD9671 /* sample_prep_C.png in Resources */ = {isa = PBXBuildFile; fileRef = DA30EC371534FC9100FD9671 /* sample_prep_C.png */; };
		DA30EC3F1534FD6C00FD9671 /* Focus_A.png in Resources */ = {isa = PBXBuildFile; fileRef = DA30EC3D1534FD6C00FD9671 /* Focus_A.png */; };
		DA30EC401534FD6C00FD9671 /* move_Slide_A.png in Resources */ = {isa = PBXBuildFile; fileRef = DA30EC3E1534FD6C00FD9671 /* move_Slide_A.png */; };
		DA30EC421534FF5400FD9671 /* Focus_A.pdf in Resources */ = {isa = PBXBuildFile; fileRef = DA30EC411534FF5400FD9671 /* Focus_A.pdf */; };
		DA30EC451535083800FD9671 /* Results_10000.png in Resources */ = {isa = PBXBuildFile; fileRef = DA30EC431535083800FD9671 /* Results_10000.png */; };
		DA30EC461535083800FD9671 /* Results_50000.png in Resources */ = {isa = PBXBuildFile; fileRef = DA30EC441535083800FD9671 /* Results_50000.png */; };
		DA30EC49153509B700FD9671 /* ResultsViewController.m in Sources */ = {isa = PBXBuildFile; fileRef = DA30EC48153509B700FD9671 /* ResultsViewController.m */; };
		DA37615B1532366C0091139A /* DZRoundProgressView.m in Sources */ = {isa = PBXBuildFile; fileRef = DA37615A1532366C0091139A /* DZRoundProgressView.m */; };
		DA3F116E1533C09C008BB244 /* PictureInstructionsViewController.m in Sources */ = {isa = PBXBuildFile; fileRef = DA3F116D1533C09C008BB244 /* PictureInstructionsViewController.m */; };
		DA3F11711533C5A6008BB244 /* PictureInstructionSequence.m in Sources */ = {isa = PBXBuildFile; fileRef = DA3F11701533C5A6008BB244 /* PictureInstructionSequence.m */; };
		DA3F11731533DA35008BB244 /* NextButton.png in Resources */ = {isa = PBXBuildFile; fileRef = DA3F11721533DA35008BB244 /* NextButton.png */; };
		DA6069941519A44400B6CEEC /* QuartzCore.framework in Frameworks */ = {isa = PBXBuildFile; fileRef = DA6069931519A44400B6CEEC /* QuartzCore.framework */; };
		DA6069971519A71900B6CEEC /* CoreMedia.framework in Frameworks */ = {isa = PBXBuildFile; fileRef = DA6069961519A71900B6CEEC /* CoreMedia.framework */; };
		DA63ACA9151AB90D0090EAEF /* UserSequence.m in Sources */ = {isa = PBXBuildFile; fileRef = DA63ACA8151AB90D0090EAEF /* UserSequence.m */; };
		DA6BFF7915351A01007047A0 /* app-icon.png in Resources */ = {isa = PBXBuildFile; fileRef = DA6BFF7815351A01007047A0 /* app-icon.png */; };
		DA6BFF7C15351A11007047A0 /* app-icon.png in Resources */ = {isa = PBXBuildFile; fileRef = DA6BFF7B15351A11007047A0 /* app-icon.png */; };
		DA72A07A15198DD9001C3793 /* CoreAudio.framework in Frameworks */ = {isa = PBXBuildFile; fileRef = DA72A07915198DD9001C3793 /* CoreAudio.framework */; };
		DA72A07C15198DDE001C3793 /* CoreVideo.framework in Frameworks */ = {isa = PBXBuildFile; fileRef = DA72A07B15198DDE001C3793 /* CoreVideo.framework */; };
		DAA848B9151C155E00870719 /* MicroscopeCamera.m in Sources */ = {isa = PBXBuildFile; fileRef = DAA848B8151C155E00870719 /* MicroscopeCamera.m */; };
		DAADFD2815278924002BAF5B /* CameraButton.png in Resources */ = {isa = PBXBuildFile; fileRef = DAADFD2715278924002BAF5B /* CameraButton.png */; };
		DAFFCB3F15279F2A002F8F13 /* CollectImagesViewController.m in Sources */ = {isa = PBXBuildFile; fileRef = DAFFCB3E15279F2A002F8F13 /* CollectImagesViewController.m */; };
/* End PBXBuildFile section */

/* Begin PBXContainerItemProxy section */
		DA1E7F28150DAB2F0067B351 /* PBXContainerItemProxy */ = {
			isa = PBXContainerItemProxy;
			containerPortal = DA1E7EF6150DAB2E0067B351 /* Project object */;
			proxyType = 1;
			remoteGlobalIDString = DA1E7EFE150DAB2E0067B351;
			remoteInfo = CellScope;
		};
/* End PBXContainerItemProxy section */

/* Begin PBXFileReference section */
		8212654B1534B59F00E23E8A /* AnalysisController.h */ = {isa = PBXFileReference; fileEncoding = 4; lastKnownFileType = sourcecode.c.h; path = AnalysisController.h; sourceTree = "<group>"; };
		8212654C1534B5A000E23E8A /* AnalysisController.mm */ = {isa = PBXFileReference; fileEncoding = 4; lastKnownFileType = sourcecode.cpp.objcpp; path = AnalysisController.mm; sourceTree = "<group>"; };
		822685411568298600C6A587 /* ImageIO.framework */ = {isa = PBXFileReference; lastKnownFileType = wrapper.framework; name = ImageIO.framework; path = System/Library/Frameworks/ImageIO.framework; sourceTree = SDKROOT; };
		82268544156829A000C6A587 /* libz.dylib */ = {isa = PBXFileReference; lastKnownFileType = "compiled.mach-o.dylib"; name = libz.dylib; path = usr/lib/libz.dylib; sourceTree = SDKROOT; };
		822685461568895100C6A587 /* UIImage+OpenCV.h */ = {isa = PBXFileReference; fileEncoding = 4; lastKnownFileType = sourcecode.c.h; name = "UIImage+OpenCV.h"; path = "../../../../../Downloads/aptogo-OpenCVForiPhone-cb262eb/OpenCVClient/UIImage+OpenCV.h"; sourceTree = "<group>"; };
		822685471568895100C6A587 /* UIImage+OpenCV.mm */ = {isa = PBXFileReference; fileEncoding = 4; lastKnownFileType = sourcecode.cpp.objcpp; name = "UIImage+OpenCV.mm"; path = "../../../../../Downloads/aptogo-OpenCVForiPhone-cb262eb/OpenCVClient/UIImage+OpenCV.mm"; sourceTree = "<group>"; };
		82BA990E1568264A00CB48F7 /* OpenCV.framework */ = {isa = PBXFileReference; lastKnownFileType = wrapper.framework; name = OpenCV.framework; path = "../../../../Downloads/aptogo-OpenCVForiPhone-cb262eb/OpenCV.framework"; sourceTree = "<group>"; };
		82E590F41533B6FB0025904C /* AssetsLibrary.framework */ = {isa = PBXFileReference; lastKnownFileType = wrapper.framework; name = AssetsLibrary.framework; path = System/Library/Frameworks/AssetsLibrary.framework; sourceTree = SDKROOT; };
		DA1E7EFF150DAB2E0067B351 /* CellScope.app */ = {isa = PBXFileReference; explicitFileType = wrapper.application; includeInIndex = 0; path = CellScope.app; sourceTree = BUILT_PRODUCTS_DIR; };
		DA1E7F03150DAB2E0067B351 /* UIKit.framework */ = {isa = PBXFileReference; lastKnownFileType = wrapper.framework; name = UIKit.framework; path = System/Library/Frameworks/UIKit.framework; sourceTree = SDKROOT; };
		DA1E7F05150DAB2F0067B351 /* Foundation.framework */ = {isa = PBXFileReference; lastKnownFileType = wrapper.framework; name = Foundation.framework; path = System/Library/Frameworks/Foundation.framework; sourceTree = SDKROOT; };
		DA1E7F07150DAB2F0067B351 /* CoreGraphics.framework */ = {isa = PBXFileReference; lastKnownFileType = wrapper.framework; name = CoreGraphics.framework; path = System/Library/Frameworks/CoreGraphics.framework; sourceTree = SDKROOT; };
		DA1E7F0B150DAB2F0067B351 /* CellScope-Info.plist */ = {isa = PBXFileReference; lastKnownFileType = text.plist.xml; path = "CellScope-Info.plist"; sourceTree = "<group>"; };
		DA1E7F0D150DAB2F0067B351 /* en */ = {isa = PBXFileReference; lastKnownFileType = text.plist.strings; name = en; path = en.lproj/InfoPlist.strings; sourceTree = "<group>"; };
		DA1E7F0F150DAB2F0067B351 /* main.m */ = {isa = PBXFileReference; lastKnownFileType = sourcecode.c.objc; path = main.m; sourceTree = "<group>"; };
		DA1E7F11150DAB2F0067B351 /* CellScope-Prefix.pch */ = {isa = PBXFileReference; lastKnownFileType = sourcecode.c.h; path = "CellScope-Prefix.pch"; sourceTree = "<group>"; };
		DA1E7F12150DAB2F0067B351 /* AppDelegate.h */ = {isa = PBXFileReference; lastKnownFileType = sourcecode.c.h; path = AppDelegate.h; sourceTree = "<group>"; };
		DA1E7F13150DAB2F0067B351 /* AppDelegate.m */ = {isa = PBXFileReference; lastKnownFileType = sourcecode.c.objc; path = AppDelegate.m; sourceTree = "<group>"; };
		DA1E7F16150DAB2F0067B351 /* en */ = {isa = PBXFileReference; lastKnownFileType = file.storyboard; name = en; path = en.lproj/MainStoryboard_iPhone.storyboard; sourceTree = "<group>"; };
		DA1E7F19150DAB2F0067B351 /* en */ = {isa = PBXFileReference; lastKnownFileType = file.storyboard; name = en; path = en.lproj/MainStoryboard_iPad.storyboard; sourceTree = "<group>"; };
		DA1E7F23150DAB2F0067B351 /* CellScopeTests.octest */ = {isa = PBXFileReference; explicitFileType = wrapper.cfbundle; includeInIndex = 0; path = CellScopeTests.octest; sourceTree = BUILT_PRODUCTS_DIR; };
		DA1E7F24150DAB2F0067B351 /* SenTestingKit.framework */ = {isa = PBXFileReference; lastKnownFileType = wrapper.framework; name = SenTestingKit.framework; path = Library/Frameworks/SenTestingKit.framework; sourceTree = DEVELOPER_DIR; };
		DA1E7F2C150DAB2F0067B351 /* CellScopeTests-Info.plist */ = {isa = PBXFileReference; lastKnownFileType = text.plist.xml; path = "CellScopeTests-Info.plist"; sourceTree = "<group>"; };
		DA1E7F2E150DAB2F0067B351 /* en */ = {isa = PBXFileReference; lastKnownFileType = text.plist.strings; name = en; path = en.lproj/InfoPlist.strings; sourceTree = "<group>"; };
		DA1E7F30150DAB2F0067B351 /* CellScopeTests.h */ = {isa = PBXFileReference; lastKnownFileType = sourcecode.c.h; path = CellScopeTests.h; sourceTree = "<group>"; };
		DA1E7F31150DAB2F0067B351 /* CellScopeTests.m */ = {isa = PBXFileReference; lastKnownFileType = sourcecode.c.objc; path = CellScopeTests.m; sourceTree = "<group>"; };
		DA1E7F3E150DB21C0067B351 /* MobileCoreServices.framework */ = {isa = PBXFileReference; lastKnownFileType = wrapper.framework; name = MobileCoreServices.framework; path = System/Library/Frameworks/MobileCoreServices.framework; sourceTree = SDKROOT; };
		DA24A479152659AA001FA808 /* AppMenuViewController.h */ = {isa = PBXFileReference; fileEncoding = 4; lastKnownFileType = sourcecode.c.h; path = AppMenuViewController.h; sourceTree = "<group>"; };
		DA24A47A152659AA001FA808 /* AppMenuViewController.m */ = {isa = PBXFileReference; fileEncoding = 4; lastKnownFileType = sourcecode.c.objc; path = AppMenuViewController.m; sourceTree = "<group>"; };
		DA2A906F150EF43B000F5DA7 /* cellscope_logo.png */ = {isa = PBXFileReference; lastKnownFileType = image.png; path = cellscope_logo.png; sourceTree = "<group>"; };
		DA2A9071150EF692000F5DA7 /* cellscope_logo copy.png */ = {isa = PBXFileReference; lastKnownFileType = image.png; path = "cellscope_logo copy.png"; sourceTree = "<group>"; };
		DA2E4FA415279B4B0013B9E9 /* CameraViewController.h */ = {isa = PBXFileReference; fileEncoding = 4; lastKnownFileType = sourcecode.c.h; path = CameraViewController.h; sourceTree = "<group>"; };
		DA2E4FA515279B4B0013B9E9 /* CameraViewController.m */ = {isa = PBXFileReference; fileEncoding = 4; lastKnownFileType = sourcecode.c.objc; path = CameraViewController.m; sourceTree = "<group>"; };
		DA2F5C891519989F00215B20 /* AVFoundation.framework */ = {isa = PBXFileReference; lastKnownFileType = wrapper.framework; name = AVFoundation.framework; path = System/Library/Frameworks/AVFoundation.framework; sourceTree = SDKROOT; };
		DA30EC331534FC9100FD9671 /* patient_step_A.png */ = {isa = PBXFileReference; lastKnownFileType = image.png; path = patient_step_A.png; sourceTree = "<group>"; };
		DA30EC341534FC9100FD9671 /* patient_step_B.png */ = {isa = PBXFileReference; lastKnownFileType = image.png; path = patient_step_B.png; sourceTree = "<group>"; };
		DA30EC351534FC9100FD9671 /* sample_prep_A.png */ = {isa = PBXFileReference; lastKnownFileType = image.png; path = sample_prep_A.png; sourceTree = "<group>"; };
		DA30EC361534FC9100FD9671 /* sample_prep_B.png */ = {isa = PBXFileReference; lastKnownFileType = image.png; path = sample_prep_B.png; sourceTree = "<group>"; };
		DA30EC371534FC9100FD9671 /* sample_prep_C.png */ = {isa = PBXFileReference; lastKnownFileType = image.png; path = sample_prep_C.png; sourceTree = "<group>"; };
		DA30EC3D1534FD6C00FD9671 /* Focus_A.png */ = {isa = PBXFileReference; lastKnownFileType = image.png; path = Focus_A.png; sourceTree = "<group>"; };
		DA30EC3E1534FD6C00FD9671 /* move_Slide_A.png */ = {isa = PBXFileReference; lastKnownFileType = image.png; path = move_Slide_A.png; sourceTree = "<group>"; };
		DA30EC411534FF5400FD9671 /* Focus_A.pdf */ = {isa = PBXFileReference; lastKnownFileType = image.pdf; path = Focus_A.pdf; sourceTree = "<group>"; };
		DA30EC431535083800FD9671 /* Results_10000.png */ = {isa = PBXFileReference; lastKnownFileType = image.png; path = Results_10000.png; sourceTree = "<group>"; };
		DA30EC441535083800FD9671 /* Results_50000.png */ = {isa = PBXFileReference; lastKnownFileType = image.png; path = Results_50000.png; sourceTree = "<group>"; };
		DA30EC47153509B700FD9671 /* ResultsViewController.h */ = {isa = PBXFileReference; fileEncoding = 4; lastKnownFileType = sourcecode.c.h; path = ResultsViewController.h; sourceTree = "<group>"; };
		DA30EC48153509B700FD9671 /* ResultsViewController.m */ = {isa = PBXFileReference; fileEncoding = 4; lastKnownFileType = sourcecode.c.objc; path = ResultsViewController.m; sourceTree = "<group>"; };
		DA3761591532366C0091139A /* DZRoundProgressView.h */ = {isa = PBXFileReference; fileEncoding = 4; lastKnownFileType = sourcecode.c.h; path = DZRoundProgressView.h; sourceTree = "<group>"; };
		DA37615A1532366C0091139A /* DZRoundProgressView.m */ = {isa = PBXFileReference; fileEncoding = 4; lastKnownFileType = sourcecode.c.objc; path = DZRoundProgressView.m; sourceTree = "<group>"; };
		DA3F116C1533C09C008BB244 /* PictureInstructionsViewController.h */ = {isa = PBXFileReference; fileEncoding = 4; lastKnownFileType = sourcecode.c.h; path = PictureInstructionsViewController.h; sourceTree = "<group>"; };
		DA3F116D1533C09C008BB244 /* PictureInstructionsViewController.m */ = {isa = PBXFileReference; fileEncoding = 4; lastKnownFileType = sourcecode.c.objc; path = PictureInstructionsViewController.m; sourceTree = "<group>"; };
		DA3F116F1533C5A6008BB244 /* PictureInstructionSequence.h */ = {isa = PBXFileReference; fileEncoding = 4; lastKnownFileType = sourcecode.c.h; path = PictureInstructionSequence.h; sourceTree = "<group>"; };
		DA3F11701533C5A6008BB244 /* PictureInstructionSequence.m */ = {isa = PBXFileReference; fileEncoding = 4; lastKnownFileType = sourcecode.c.objc; path = PictureInstructionSequence.m; sourceTree = "<group>"; };
		DA3F11721533DA35008BB244 /* NextButton.png */ = {isa = PBXFileReference; lastKnownFileType = image.png; path = NextButton.png; sourceTree = "<group>"; };
		DA6069931519A44400B6CEEC /* QuartzCore.framework */ = {isa = PBXFileReference; lastKnownFileType = wrapper.framework; name = QuartzCore.framework; path = System/Library/Frameworks/QuartzCore.framework; sourceTree = SDKROOT; };
		DA6069961519A71900B6CEEC /* CoreMedia.framework */ = {isa = PBXFileReference; lastKnownFileType = wrapper.framework; name = CoreMedia.framework; path = System/Library/Frameworks/CoreMedia.framework; sourceTree = SDKROOT; };
		DA63ACA7151AB90D0090EAEF /* UserSequence.h */ = {isa = PBXFileReference; fileEncoding = 4; lastKnownFileType = sourcecode.c.h; path = UserSequence.h; sourceTree = "<group>"; };
		DA63ACA8151AB90D0090EAEF /* UserSequence.m */ = {isa = PBXFileReference; fileEncoding = 4; lastKnownFileType = sourcecode.c.objc; path = UserSequence.m; sourceTree = "<group>"; };
		DA6BFF7815351A01007047A0 /* app-icon.png */ = {isa = PBXFileReference; lastKnownFileType = image.png; path = "app-icon.png"; sourceTree = "<group>"; };
		DA6BFF7B15351A11007047A0 /* app-icon.png */ = {isa = PBXFileReference; lastKnownFileType = image.png; path = "app-icon.png"; sourceTree = "<group>"; };
		DA72A07915198DD9001C3793 /* CoreAudio.framework */ = {isa = PBXFileReference; lastKnownFileType = wrapper.framework; name = CoreAudio.framework; path = System/Library/Frameworks/CoreAudio.framework; sourceTree = SDKROOT; };
		DA72A07B15198DDE001C3793 /* CoreVideo.framework */ = {isa = PBXFileReference; lastKnownFileType = wrapper.framework; name = CoreVideo.framework; path = System/Library/Frameworks/CoreVideo.framework; sourceTree = SDKROOT; };
		DAA848B7151C155E00870719 /* MicroscopeCamera.h */ = {isa = PBXFileReference; fileEncoding = 4; lastKnownFileType = sourcecode.c.h; path = MicroscopeCamera.h; sourceTree = "<group>"; };
		DAA848B8151C155E00870719 /* MicroscopeCamera.m */ = {isa = PBXFileReference; fileEncoding = 4; lastKnownFileType = sourcecode.c.objc; path = MicroscopeCamera.m; sourceTree = "<group>"; };
		DAADFD2715278924002BAF5B /* CameraButton.png */ = {isa = PBXFileReference; lastKnownFileType = image.png; path = CameraButton.png; sourceTree = "<group>"; };
		DAFFCB3D15279F2A002F8F13 /* CollectImagesViewController.h */ = {isa = PBXFileReference; fileEncoding = 4; lastKnownFileType = sourcecode.c.h; path = CollectImagesViewController.h; sourceTree = "<group>"; };
		DAFFCB3E15279F2A002F8F13 /* CollectImagesViewController.m */ = {isa = PBXFileReference; fileEncoding = 4; lastKnownFileType = sourcecode.c.objc; path = CollectImagesViewController.m; sourceTree = "<group>"; };
/* End PBXFileReference section */

/* Begin PBXFrameworksBuildPhase section */
		DA1E7EFC150DAB2E0067B351 /* Frameworks */ = {
			isa = PBXFrameworksBuildPhase;
			buildActionMask = 2147483647;
			files = (
				82DB1BFC156893F20029EBD3 /* OpenCV.framework in Frameworks */,
				82268545156829A000C6A587 /* libz.dylib in Frameworks */,
				822685421568298600C6A587 /* ImageIO.framework in Frameworks */,
				82E590F51533B6FB0025904C /* AssetsLibrary.framework in Frameworks */,
				DA6069971519A71900B6CEEC /* CoreMedia.framework in Frameworks */,
				DA6069941519A44400B6CEEC /* QuartzCore.framework in Frameworks */,
				DA2F5C8A1519989F00215B20 /* AVFoundation.framework in Frameworks */,
				DA72A07C15198DDE001C3793 /* CoreVideo.framework in Frameworks */,
				DA72A07A15198DD9001C3793 /* CoreAudio.framework in Frameworks */,
				DA1E7F3F150DB21C0067B351 /* MobileCoreServices.framework in Frameworks */,
				DA1E7F04150DAB2F0067B351 /* UIKit.framework in Frameworks */,
				DA1E7F06150DAB2F0067B351 /* Foundation.framework in Frameworks */,
				DA1E7F08150DAB2F0067B351 /* CoreGraphics.framework in Frameworks */,
			);
			runOnlyForDeploymentPostprocessing = 0;
		};
		DA1E7F1F150DAB2F0067B351 /* Frameworks */ = {
			isa = PBXFrameworksBuildPhase;
			buildActionMask = 2147483647;
			files = (
				DA1E7F25150DAB2F0067B351 /* SenTestingKit.framework in Frameworks */,
				DA1E7F26150DAB2F0067B351 /* UIKit.framework in Frameworks */,
				DA1E7F27150DAB2F0067B351 /* Foundation.framework in Frameworks */,
			);
			runOnlyForDeploymentPostprocessing = 0;
		};
/* End PBXFrameworksBuildPhase section */

/* Begin PBXGroup section */
		DA1E7EF4150DAB2E0067B351 = {
			isa = PBXGroup;
			children = (
				DA6BFF7B15351A11007047A0 /* app-icon.png */,
				DA2A906E150EF43B000F5DA7 /* Images */,
				DA1E7F09150DAB2F0067B351 /* CellScope */,
				DA1E7F2A150DAB2F0067B351 /* CellScopeTests */,
				DA1E7F02150DAB2E0067B351 /* Frameworks */,
				DA1E7F00150DAB2E0067B351 /* Products */,
			);
			sourceTree = "<group>";
		};
		DA1E7F00150DAB2E0067B351 /* Products */ = {
			isa = PBXGroup;
			children = (
				DA1E7EFF150DAB2E0067B351 /* CellScope.app */,
				DA1E7F23150DAB2F0067B351 /* CellScopeTests.octest */,
			);
			name = Products;
			sourceTree = "<group>";
		};
		DA1E7F02150DAB2E0067B351 /* Frameworks */ = {
			isa = PBXGroup;
			children = (
				82268544156829A000C6A587 /* libz.dylib */,
				822685411568298600C6A587 /* ImageIO.framework */,
				82BA990E1568264A00CB48F7 /* OpenCV.framework */,
				82E590F41533B6FB0025904C /* AssetsLibrary.framework */,
				DA6069961519A71900B6CEEC /* CoreMedia.framework */,
				DA6069931519A44400B6CEEC /* QuartzCore.framework */,
				DA2F5C891519989F00215B20 /* AVFoundation.framework */,
				DA72A07B15198DDE001C3793 /* CoreVideo.framework */,
				DA72A07915198DD9001C3793 /* CoreAudio.framework */,
				DA1E7F3E150DB21C0067B351 /* MobileCoreServices.framework */,
				DA1E7F03150DAB2E0067B351 /* UIKit.framework */,
				DA1E7F05150DAB2F0067B351 /* Foundation.framework */,
				DA1E7F07150DAB2F0067B351 /* CoreGraphics.framework */,
				DA1E7F24150DAB2F0067B351 /* SenTestingKit.framework */,
			);
			name = Frameworks;
			sourceTree = "<group>";
		};
		DA1E7F09150DAB2F0067B351 /* CellScope */ = {
			isa = PBXGroup;
			children = (
				DA2E4FA315279B1F0013B9E9 /* SubviewControllers */,
				DA24A471151E9E73001FA808 /* Devices */,
				DA24A470151E9E54001FA808 /* Model */,
				DA24A46E151E9E36001FA808 /* UIControllers */,
				DA1E7F12150DAB2F0067B351 /* AppDelegate.h */,
				DA1E7F13150DAB2F0067B351 /* AppDelegate.m */,
				DA1E7F15150DAB2F0067B351 /* MainStoryboard_iPhone.storyboard */,
				DA1E7F18150DAB2F0067B351 /* MainStoryboard_iPad.storyboard */,
				DA1E7F0A150DAB2F0067B351 /* Supporting Files */,
				DA3761591532366C0091139A /* DZRoundProgressView.h */,
				DA37615A1532366C0091139A /* DZRoundProgressView.m */,
			);
			path = CellScope;
			sourceTree = "<group>";
		};
		DA1E7F0A150DAB2F0067B351 /* Supporting Files */ = {
			isa = PBXGroup;
			children = (
				DA1E7F0B150DAB2F0067B351 /* CellScope-Info.plist */,
				DA1E7F0C150DAB2F0067B351 /* InfoPlist.strings */,
				DA1E7F0F150DAB2F0067B351 /* main.m */,
				DA1E7F11150DAB2F0067B351 /* CellScope-Prefix.pch */,
			);
			name = "Supporting Files";
			sourceTree = "<group>";
		};
		DA1E7F2A150DAB2F0067B351 /* CellScopeTests */ = {
			isa = PBXGroup;
			children = (
				DA1E7F30150DAB2F0067B351 /* CellScopeTests.h */,
				DA1E7F31150DAB2F0067B351 /* CellScopeTests.m */,
				DA1E7F2B150DAB2F0067B351 /* Supporting Files */,
			);
			path = CellScopeTests;
			sourceTree = "<group>";
		};
		DA1E7F2B150DAB2F0067B351 /* Supporting Files */ = {
			isa = PBXGroup;
			children = (
				DA1E7F2C150DAB2F0067B351 /* CellScopeTests-Info.plist */,
				DA1E7F2D150DAB2F0067B351 /* InfoPlist.strings */,
			);
			name = "Supporting Files";
			sourceTree = "<group>";
		};
		DA24A46E151E9E36001FA808 /* UIControllers */ = {
			isa = PBXGroup;
			children = (
				DA24A479152659AA001FA808 /* AppMenuViewController.h */,
				DA24A47A152659AA001FA808 /* AppMenuViewController.m */,
				DAFFCB3D15279F2A002F8F13 /* CollectImagesViewController.h */,
				DAFFCB3E15279F2A002F8F13 /* CollectImagesViewController.m */,
				DA3F116C1533C09C008BB244 /* PictureInstructionsViewController.h */,
				DA3F116D1533C09C008BB244 /* PictureInstructionsViewController.m */,
				DA30EC47153509B700FD9671 /* ResultsViewController.h */,
				DA30EC48153509B700FD9671 /* ResultsViewController.m */,
			);
			name = UIControllers;
			sourceTree = "<group>";
		};
		DA24A470151E9E54001FA808 /* Model */ = {
			isa = PBXGroup;
			children = (
				DA63ACA7151AB90D0090EAEF /* UserSequence.h */,
				DA63ACA8151AB90D0090EAEF /* UserSequence.m */,
				DA3F116F1533C5A6008BB244 /* PictureInstructionSequence.h */,
				DA3F11701533C5A6008BB244 /* PictureInstructionSequence.m */,
			);
			name = Model;
			sourceTree = "<group>";
		};
		DA24A471151E9E73001FA808 /* Devices */ = {
			isa = PBXGroup;
			children = (
				DAA848B7151C155E00870719 /* MicroscopeCamera.h */,
				DAA848B8151C155E00870719 /* MicroscopeCamera.m */,
			);
			name = Devices;
			sourceTree = "<group>";
		};
		DA2A906E150EF43B000F5DA7 /* Images */ = {
			isa = PBXGroup;
			children = (
				DA6BFF7815351A01007047A0 /* app-icon.png */,
				DA30EC431535083800FD9671 /* Results_10000.png */,
				DA30EC441535083800FD9671 /* Results_50000.png */,
				DA30EC411534FF5400FD9671 /* Focus_A.pdf */,
				DA30EC3D1534FD6C00FD9671 /* Focus_A.png */,
				DA30EC3E1534FD6C00FD9671 /* move_Slide_A.png */,
				DA30EC331534FC9100FD9671 /* patient_step_A.png */,
				DA30EC341534FC9100FD9671 /* patient_step_B.png */,
				DA30EC351534FC9100FD9671 /* sample_prep_A.png */,
				DA30EC361534FC9100FD9671 /* sample_prep_B.png */,
				DA30EC371534FC9100FD9671 /* sample_prep_C.png */,
				DA3F11721533DA35008BB244 /* NextButton.png */,
				DAADFD2715278924002BAF5B /* CameraButton.png */,
				DA2A9071150EF692000F5DA7 /* cellscope_logo copy.png */,
				DA2A906F150EF43B000F5DA7 /* cellscope_logo.png */,
			);
			path = Images;
			sourceTree = "<group>";
		};
		DA2E4FA315279B1F0013B9E9 /* SubviewControllers */ = {
			isa = PBXGroup;
			children = (
				DA2E4FA415279B4B0013B9E9 /* CameraViewController.h */,
				822685461568895100C6A587 /* UIImage+OpenCV.h */,
				822685471568895100C6A587 /* UIImage+OpenCV.mm */,
				DA2E4FA515279B4B0013B9E9 /* CameraViewController.m */,
				8212654B1534B59F00E23E8A /* AnalysisController.h */,
				8212654C1534B5A000E23E8A /* AnalysisController.mm */,
			);
			name = SubviewControllers;
			sourceTree = "<group>";
		};
/* End PBXGroup section */

/* Begin PBXNativeTarget section */
		DA1E7EFE150DAB2E0067B351 /* CellScope */ = {
			isa = PBXNativeTarget;
			buildConfigurationList = DA1E7F35150DAB2F0067B351 /* Build configuration list for PBXNativeTarget "CellScope" */;
			buildPhases = (
				DA1E7EFB150DAB2E0067B351 /* Sources */,
				DA1E7EFC150DAB2E0067B351 /* Frameworks */,
				DA1E7EFD150DAB2E0067B351 /* Resources */,
			);
			buildRules = (
			);
			dependencies = (
			);
			name = CellScope;
			productName = CellScope;
			productReference = DA1E7EFF150DAB2E0067B351 /* CellScope.app */;
			productType = "com.apple.product-type.application";
		};
		DA1E7F22150DAB2F0067B351 /* CellScopeTests */ = {
			isa = PBXNativeTarget;
			buildConfigurationList = DA1E7F38150DAB2F0067B351 /* Build configuration list for PBXNativeTarget "CellScopeTests" */;
			buildPhases = (
				DA1E7F1E150DAB2F0067B351 /* Sources */,
				DA1E7F1F150DAB2F0067B351 /* Frameworks */,
				DA1E7F20150DAB2F0067B351 /* Resources */,
				DA1E7F21150DAB2F0067B351 /* ShellScript */,
			);
			buildRules = (
			);
			dependencies = (
				DA1E7F29150DAB2F0067B351 /* PBXTargetDependency */,
			);
			name = CellScopeTests;
			productName = CellScopeTests;
			productReference = DA1E7F23150DAB2F0067B351 /* CellScopeTests.octest */;
			productType = "com.apple.product-type.bundle";
		};
/* End PBXNativeTarget section */

/* Begin PBXProject section */
		DA1E7EF6150DAB2E0067B351 /* Project object */ = {
			isa = PBXProject;
			attributes = {
				LastUpgradeCheck = 0430;
			};
			buildConfigurationList = DA1E7EF9150DAB2E0067B351 /* Build configuration list for PBXProject "CellScope" */;
			compatibilityVersion = "Xcode 3.2";
			developmentRegion = English;
			hasScannedForEncodings = 0;
			knownRegions = (
				en,
			);
			mainGroup = DA1E7EF4150DAB2E0067B351;
			productRefGroup = DA1E7F00150DAB2E0067B351 /* Products */;
			projectDirPath = "";
			projectRoot = "";
			targets = (
				DA1E7EFE150DAB2E0067B351 /* CellScope */,
				DA1E7F22150DAB2F0067B351 /* CellScopeTests */,
			);
		};
/* End PBXProject section */

/* Begin PBXResourcesBuildPhase section */
		DA1E7EFD150DAB2E0067B351 /* Resources */ = {
			isa = PBXResourcesBuildPhase;
			buildActionMask = 2147483647;
			files = (
				DA1E7F0E150DAB2F0067B351 /* InfoPlist.strings in Resources */,
				DA1E7F17150DAB2F0067B351 /* MainStoryboard_iPhone.storyboard in Resources */,
				DA1E7F1A150DAB2F0067B351 /* MainStoryboard_iPad.storyboard in Resources */,
				DA2A9070150EF43B000F5DA7 /* cellscope_logo.png in Resources */,
				DA2A9072150EF692000F5DA7 /* cellscope_logo copy.png in Resources */,
				DAADFD2815278924002BAF5B /* CameraButton.png in Resources */,
				DA3F11731533DA35008BB244 /* NextButton.png in Resources */,
				DA30EC381534FC9200FD9671 /* patient_step_A.png in Resources */,
				DA30EC391534FC9200FD9671 /* patient_step_B.png in Resources */,
				DA30EC3A1534FC9200FD9671 /* sample_prep_A.png in Resources */,
				DA30EC3B1534FC9200FD9671 /* sample_prep_B.png in Resources */,
				DA30EC3C1534FC9200FD9671 /* sample_prep_C.png in Resources */,
				DA30EC3F1534FD6C00FD9671 /* Focus_A.png in Resources */,
				DA30EC401534FD6C00FD9671 /* move_Slide_A.png in Resources */,
				DA30EC421534FF5400FD9671 /* Focus_A.pdf in Resources */,
				DA30EC451535083800FD9671 /* Results_10000.png in Resources */,
				DA30EC461535083800FD9671 /* Results_50000.png in Resources */,
				DA6BFF7915351A01007047A0 /* app-icon.png in Resources */,
				DA6BFF7C15351A11007047A0 /* app-icon.png in Resources */,
			);
			runOnlyForDeploymentPostprocessing = 0;
		};
		DA1E7F20150DAB2F0067B351 /* Resources */ = {
			isa = PBXResourcesBuildPhase;
			buildActionMask = 2147483647;
			files = (
				DA1E7F2F150DAB2F0067B351 /* InfoPlist.strings in Resources */,
			);
			runOnlyForDeploymentPostprocessing = 0;
		};
/* End PBXResourcesBuildPhase section */

/* Begin PBXShellScriptBuildPhase section */
		DA1E7F21150DAB2F0067B351 /* ShellScript */ = {
			isa = PBXShellScriptBuildPhase;
			buildActionMask = 2147483647;
			files = (
			);
			inputPaths = (
			);
			outputPaths = (
			);
			runOnlyForDeploymentPostprocessing = 0;
			shellPath = /bin/sh;
			shellScript = "# Run the unit tests in this test bundle.\n\"${SYSTEM_DEVELOPER_DIR}/Tools/RunUnitTests\"\n";
		};
/* End PBXShellScriptBuildPhase section */

/* Begin PBXSourcesBuildPhase section */
		DA1E7EFB150DAB2E0067B351 /* Sources */ = {
			isa = PBXSourcesBuildPhase;
			buildActionMask = 2147483647;
			files = (
				DA1E7F10150DAB2F0067B351 /* main.m in Sources */,
				DA1E7F14150DAB2F0067B351 /* AppDelegate.m in Sources */,
				DA63ACA9151AB90D0090EAEF /* UserSequence.m in Sources */,
				DAA848B9151C155E00870719 /* MicroscopeCamera.m in Sources */,
				DA24A47B152659AA001FA808 /* AppMenuViewController.m in Sources */,
				DA2E4FA615279B4B0013B9E9 /* CameraViewController.m in Sources */,
				DAFFCB3F15279F2A002F8F13 /* CollectImagesViewController.m in Sources */,
				DA37615B1532366C0091139A /* DZRoundProgressView.m in Sources */,
				DA3F116E1533C09C008BB244 /* PictureInstructionsViewController.m in Sources */,
				DA3F11711533C5A6008BB244 /* PictureInstructionSequence.m in Sources */,
				DA30EC49153509B700FD9671 /* ResultsViewController.m in Sources */,
				8212654D1534B5A000E23E8A /* AnalysisController.mm in Sources */,
				822685481568895100C6A587 /* UIImage+OpenCV.mm in Sources */,
			);
			runOnlyForDeploymentPostprocessing = 0;
		};
		DA1E7F1E150DAB2F0067B351 /* Sources */ = {
			isa = PBXSourcesBuildPhase;
			buildActionMask = 2147483647;
			files = (
				DA1E7F32150DAB2F0067B351 /* CellScopeTests.m in Sources */,
			);
			runOnlyForDeploymentPostprocessing = 0;
		};
/* End PBXSourcesBuildPhase section */

/* Begin PBXTargetDependency section */
		DA1E7F29150DAB2F0067B351 /* PBXTargetDependency */ = {
			isa = PBXTargetDependency;
			target = DA1E7EFE150DAB2E0067B351 /* CellScope */;
			targetProxy = DA1E7F28150DAB2F0067B351 /* PBXContainerItemProxy */;
		};
/* End PBXTargetDependency section */

/* Begin PBXVariantGroup section */
		DA1E7F0C150DAB2F0067B351 /* InfoPlist.strings */ = {
			isa = PBXVariantGroup;
			children = (
				DA1E7F0D150DAB2F0067B351 /* en */,
			);
			name = InfoPlist.strings;
			sourceTree = "<group>";
		};
		DA1E7F15150DAB2F0067B351 /* MainStoryboard_iPhone.storyboard */ = {
			isa = PBXVariantGroup;
			children = (
				DA1E7F16150DAB2F0067B351 /* en */,
			);
			name = MainStoryboard_iPhone.storyboard;
			sourceTree = "<group>";
		};
		DA1E7F18150DAB2F0067B351 /* MainStoryboard_iPad.storyboard */ = {
			isa = PBXVariantGroup;
			children = (
				DA1E7F19150DAB2F0067B351 /* en */,
			);
			name = MainStoryboard_iPad.storyboard;
			sourceTree = "<group>";
		};
		DA1E7F2D150DAB2F0067B351 /* InfoPlist.strings */ = {
			isa = PBXVariantGroup;
			children = (
				DA1E7F2E150DAB2F0067B351 /* en */,
			);
			name = InfoPlist.strings;
			sourceTree = "<group>";
		};
/* End PBXVariantGroup section */

/* Begin XCBuildConfiguration section */
		DA1E7F33150DAB2F0067B351 /* Debug */ = {
			isa = XCBuildConfiguration;
			buildSettings = {
				ALWAYS_SEARCH_USER_PATHS = NO;
				ARCHS = "$(ARCHS_STANDARD_32_BIT)";
				CLANG_ENABLE_OBJC_ARC = YES;
				"CODE_SIGN_IDENTITY[sdk=iphoneos*]" = "iPhone Developer";
				COPY_PHASE_STRIP = NO;
				GCC_C_LANGUAGE_STANDARD = gnu99;
				GCC_DYNAMIC_NO_PIC = NO;
				GCC_OPTIMIZATION_LEVEL = 0;
				GCC_PREPROCESSOR_DEFINITIONS = (
					"DEBUG=1",
					"$(inherited)",
				);
				GCC_SYMBOLS_PRIVATE_EXTERN = NO;
				GCC_VERSION = com.apple.compilers.llvm.clang.1_0;
				GCC_WARN_ABOUT_RETURN_TYPE = YES;
				GCC_WARN_UNINITIALIZED_AUTOS = YES;
				GCC_WARN_UNUSED_VARIABLE = YES;
				IPHONEOS_DEPLOYMENT_TARGET = 5.0;
				SDKROOT = iphoneos;
				TARGETED_DEVICE_FAMILY = "1,2";
			};
			name = Debug;
		};
		DA1E7F34150DAB2F0067B351 /* Release */ = {
			isa = XCBuildConfiguration;
			buildSettings = {
				ALWAYS_SEARCH_USER_PATHS = NO;
				ARCHS = "$(ARCHS_STANDARD_32_BIT)";
				CLANG_ENABLE_OBJC_ARC = YES;
				"CODE_SIGN_IDENTITY[sdk=iphoneos*]" = "iPhone Developer";
				COPY_PHASE_STRIP = YES;
				GCC_C_LANGUAGE_STANDARD = gnu99;
				GCC_VERSION = com.apple.compilers.llvm.clang.1_0;
				GCC_WARN_ABOUT_RETURN_TYPE = YES;
				GCC_WARN_UNINITIALIZED_AUTOS = YES;
				GCC_WARN_UNUSED_VARIABLE = YES;
				IPHONEOS_DEPLOYMENT_TARGET = 5.0;
				OTHER_CFLAGS = "-DNS_BLOCK_ASSERTIONS=1";
				SDKROOT = iphoneos;
				TARGETED_DEVICE_FAMILY = "1,2";
				VALIDATE_PRODUCT = YES;
			};
			name = Release;
		};
		DA1E7F36150DAB2F0067B351 /* Debug */ = {
			isa = XCBuildConfiguration;
			buildSettings = {
				"CODE_SIGN_IDENTITY[sdk=iphoneos*]" = "iPhone Developer: Fletch2 Lab (4G3LRZJ5QU)";
				FRAMEWORK_SEARCH_PATHS = (
					"$(inherited)",
					"\"$(SRCROOT)/../../../../Downloads/aptogo-OpenCVForiPhone-cb262eb\"",
				);
				GCC_PRECOMPILE_PREFIX_HEADER = YES;
				GCC_PREFIX_HEADER = "CellScope/CellScope-Prefix.pch";
				INFOPLIST_FILE = "CellScope/CellScope-Info.plist";
				PRODUCT_NAME = "$(TARGET_NAME)";
				WRAPPER_EXTENSION = app;
			};
			name = Debug;
		};
		DA1E7F37150DAB2F0067B351 /* Release */ = {
			isa = XCBuildConfiguration;
			buildSettings = {
				"CODE_SIGN_IDENTITY[sdk=iphoneos*]" = "iPhone Developer: Fletch2 Lab (4G3LRZJ5QU)";
				FRAMEWORK_SEARCH_PATHS = (
					"$(inherited)",
					"\"$(SRCROOT)/../../../../Downloads/aptogo-OpenCVForiPhone-cb262eb\"",
				);
				GCC_PRECOMPILE_PREFIX_HEADER = YES;
				GCC_PREFIX_HEADER = "CellScope/CellScope-Prefix.pch";
				INFOPLIST_FILE = "CellScope/CellScope-Info.plist";
				PRODUCT_NAME = "$(TARGET_NAME)";
				WRAPPER_EXTENSION = app;
			};
			name = Release;
		};
		DA1E7F39150DAB2F0067B351 /* Debug */ = {
			isa = XCBuildConfiguration;
			buildSettings = {
				BUNDLE_LOADER = "$(BUILT_PRODUCTS_DIR)/CellScope.app/CellScope";
				FRAMEWORK_SEARCH_PATHS = (
					"$(SDKROOT)/Developer/Library/Frameworks",
					"$(DEVELOPER_LIBRARY_DIR)/Frameworks",
				);
				GCC_PRECOMPILE_PREFIX_HEADER = YES;
				GCC_PREFIX_HEADER = "CellScope/CellScope-Prefix.pch";
				INFOPLIST_FILE = "CellScopeTests/CellScopeTests-Info.plist";
				PRODUCT_NAME = "$(TARGET_NAME)";
				TEST_HOST = "$(BUNDLE_LOADER)";
				WRAPPER_EXTENSION = octest;
			};
			name = Debug;
		};
		DA1E7F3A150DAB2F0067B351 /* Release */ = {
			isa = XCBuildConfiguration;
			buildSettings = {
				BUNDLE_LOADER = "$(BUILT_PRODUCTS_DIR)/CellScope.app/CellScope";
				FRAMEWORK_SEARCH_PATHS = (
					"$(SDKROOT)/Developer/Library/Frameworks",
					"$(DEVELOPER_LIBRARY_DIR)/Frameworks",
				);
				GCC_PRECOMPILE_PREFIX_HEADER = YES;
				GCC_PREFIX_HEADER = "CellScope/CellScope-Prefix.pch";
				INFOPLIST_FILE = "CellScopeTests/CellScopeTests-Info.plist";
				PRODUCT_NAME = "$(TARGET_NAME)";
				TEST_HOST = "$(BUNDLE_LOADER)";
				WRAPPER_EXTENSION = octest;
			};
			name = Release;
		};
/* End XCBuildConfiguration section */

/* Begin XCConfigurationList section */
		DA1E7EF9150DAB2E0067B351 /* Build configuration list for PBXProject "CellScope" */ = {
			isa = XCConfigurationList;
			buildConfigurations = (
				DA1E7F33150DAB2F0067B351 /* Debug */,
				DA1E7F34150DAB2F0067B351 /* Release */,
			);
			defaultConfigurationIsVisible = 0;
			defaultConfigurationName = Release;
		};
		DA1E7F35150DAB2F0067B351 /* Build configuration list for PBXNativeTarget "CellScope" */ = {
			isa = XCConfigurationList;
			buildConfigurations = (
				DA1E7F36150DAB2F0067B351 /* Debug */,
				DA1E7F37150DAB2F0067B351 /* Release */,
			);
			defaultConfigurationIsVisible = 0;
			defaultConfigurationName = Release;
		};
		DA1E7F38150DAB2F0067B351 /* Build configuration list for PBXNativeTarget "CellScopeTests" */ = {
			isa = XCConfigurationList;
			buildConfigurations = (
				DA1E7F39150DAB2F0067B351 /* Debug */,
				DA1E7F3A150DAB2F0067B351 /* Release */,
			);
			defaultConfigurationIsVisible = 0;
			defaultConfigurationName = Release;
		};
/* End XCConfigurationList section */
	};
	rootObject = DA1E7EF6150DAB2E0067B351 /* Project object */;
}
